
Microsoft Visual Studio Solution File, Format Version 12.00
# Visual Studio 15
VisualStudioVersion = 15.0.27130.2024
MinimumVisualStudioVersion = 10.0.40219.1
Project("{FAE04EC0-301F-11D3-BF4B-00C04F79EFBC}") = "ChallengeWarCardGame", "ChallengeWarCardGame\ChallengeWarCardGame.csproj", "{69CFFDAB-4F0C-4BED-876E-F5F838577490}"
EndProject
Global
	GlobalSection(SolutionConfigurationPlatforms) = preSolution
		Debug|Any CPU = Debug|Any CPU
		Release|Any CPU = Release|Any CPU
	EndGlobalSection
	GlobalSection(ProjectConfigurationPlatforms) = postSolution
		{69CFFDAB-4F0C-4BED-876E-F5F838577490}.Debug|Any CPU.ActiveCfg = Debug|Any CPU
		{69CFFDAB-4F0C-4BED-876E-F5F838577490}.Debug|Any CPU.Build.0 = Debug|Any CPU
		{69CFFDAB-4F0C-4BED-876E-F5F838577490}.Release|Any CPU.ActiveCfg = Release|Any CPU
		{69CFFDAB-4F0C-4BED-876E-F5F838577490}.Release|Any CPU.Build.0 = Release|Any CPU
	EndGlobalSection
	GlobalSection(SolutionProperties) = preSolution
		HideSolutionNode = FALSE
	EndGlobalSection
	GlobalSection(ExtensibilityGlobals) = postSolution
		SolutionGuid = {4F174B89-DF9E-4FB6-8907-E4E6C0FC9998}
	EndGlobalSection
EndGlobal
