
Microsoft Visual Studio Solution File, Format Version 12.00
# Visual Studio 15
VisualStudioVersion = 15.0.27130.2024
MinimumVisualStudioVersion = 10.0.40219.1
Project("{FAE04EC0-301F-11D3-BF4B-00C04F79EFBC}") = "ChallengeDartsSimple", "ChallengeDartsSimple\ChallengeDartsSimple.csproj", "{F69F97A3-1D8A-461C-962A-33C808395B6F}"
EndProject
Project("{FAE04EC0-301F-11D3-BF4B-00C04F79EFBC}") = "Darts", "..\Darts\Darts.csproj", "{E4A73B01-5CA0-4995-86F0-8629FF453495}"
EndProject
Global
	GlobalSection(SolutionConfigurationPlatforms) = preSolution
		Debug|Any CPU = Debug|Any CPU
		Release|Any CPU = Release|Any CPU
	EndGlobalSection
	GlobalSection(ProjectConfigurationPlatforms) = postSolution
		{F69F97A3-1D8A-461C-962A-33C808395B6F}.Debug|Any CPU.ActiveCfg = Debug|Any CPU
		{F69F97A3-1D8A-461C-962A-33C808395B6F}.Debug|Any CPU.Build.0 = Debug|Any CPU
		{F69F97A3-1D8A-461C-962A-33C808395B6F}.Release|Any CPU.ActiveCfg = Release|Any CPU
		{F69F97A3-1D8A-461C-962A-33C808395B6F}.Release|Any CPU.Build.0 = Release|Any CPU
		{E4A73B01-5CA0-4995-86F0-8629FF453495}.Debug|Any CPU.ActiveCfg = Debug|Any CPU
		{E4A73B01-5CA0-4995-86F0-8629FF453495}.Debug|Any CPU.Build.0 = Debug|Any CPU
		{E4A73B01-5CA0-4995-86F0-8629FF453495}.Release|Any CPU.ActiveCfg = Release|Any CPU
		{E4A73B01-5CA0-4995-86F0-8629FF453495}.Release|Any CPU.Build.0 = Release|Any CPU
	EndGlobalSection
	GlobalSection(SolutionProperties) = preSolution
		HideSolutionNode = FALSE
	EndGlobalSection
	GlobalSection(ExtensibilityGlobals) = postSolution
		SolutionGuid = {27137EC1-94AB-4DA0-9EFA-E5BA36CEF96F}
	EndGlobalSection
EndGlobal
