
Microsoft Visual Studio Solution File, Format Version 12.00
# Visual Studio 15
VisualStudioVersion = 15.0.27130.2024
MinimumVisualStudioVersion = 10.0.40219.1
Project("{E24C65DC-7377-472B-9ABA-BC803B73C61A}") = "ChallengePostalCalculatorHelperMethods", "ChallengePostalCalculatorHelperMethods\", "{92802EF1-D18F-4F35-A28E-9ACB51DC4F05}"
	ProjectSection(WebsiteProperties) = preProject
		TargetFrameworkMoniker = ".NETFramework,Version%3Dv4.6.1"
		Debug.AspNetCompiler.VirtualPath = "/localhost_53627"
		Debug.AspNetCompiler.PhysicalPath = "ChallengePostalCalculatorHelperMethods\"
		Debug.AspNetCompiler.TargetPath = "PrecompiledWeb\localhost_53627\"
		Debug.AspNetCompiler.Updateable = "true"
		Debug.AspNetCompiler.ForceOverwrite = "true"
		Debug.AspNetCompiler.FixedNames = "false"
		Debug.AspNetCompiler.Debug = "True"
		Release.AspNetCompiler.VirtualPath = "/localhost_53627"
		Release.AspNetCompiler.PhysicalPath = "ChallengePostalCalculatorHelperMethods\"
		Release.AspNetCompiler.TargetPath = "PrecompiledWeb\localhost_53627\"
		Release.AspNetCompiler.Updateable = "true"
		Release.AspNetCompiler.ForceOverwrite = "true"
		Release.AspNetCompiler.FixedNames = "false"
		Release.AspNetCompiler.Debug = "False"
		VWDPort = "53627"
		SlnRelativePath = "ChallengePostalCalculatorHelperMethods\"
		DefaultWebSiteLanguage = "Visual C#"
	EndProjectSection
EndProject
Global
	GlobalSection(SolutionConfigurationPlatforms) = preSolution
		Debug|Any CPU = Debug|Any CPU
	EndGlobalSection
	GlobalSection(ProjectConfigurationPlatforms) = postSolution
		{92802EF1-D18F-4F35-A28E-9ACB51DC4F05}.Debug|Any CPU.ActiveCfg = Debug|Any CPU
		{92802EF1-D18F-4F35-A28E-9ACB51DC4F05}.Debug|Any CPU.Build.0 = Debug|Any CPU
	EndGlobalSection
	GlobalSection(SolutionProperties) = preSolution
		HideSolutionNode = FALSE
	EndGlobalSection
	GlobalSection(ExtensibilityGlobals) = postSolution
		SolutionGuid = {F28CC666-ADF2-43C6-BC55-FACC8F39DDF0}
	EndGlobalSection
EndGlobal
