
Microsoft Visual Studio Solution File, Format Version 12.00
# Visual Studio 15
VisualStudioVersion = 15.0.27130.2024
MinimumVisualStudioVersion = 10.0.40219.1
Project("{E24C65DC-7377-472B-9ABA-BC803B73C61A}") = "StringVsStringBuilder", "StringVsStringBuilder\", "{833A3D85-7468-4A76-94A5-9912E9448265}"
	ProjectSection(WebsiteProperties) = preProject
		TargetFrameworkMoniker = ".NETFramework,Version%3Dv4.6.1"
		Debug.AspNetCompiler.VirtualPath = "/localhost_51464"
		Debug.AspNetCompiler.PhysicalPath = "StringVsStringBuilder\"
		Debug.AspNetCompiler.TargetPath = "PrecompiledWeb\localhost_51464\"
		Debug.AspNetCompiler.Updateable = "true"
		Debug.AspNetCompiler.ForceOverwrite = "true"
		Debug.AspNetCompiler.FixedNames = "false"
		Debug.AspNetCompiler.Debug = "True"
		Release.AspNetCompiler.VirtualPath = "/localhost_51464"
		Release.AspNetCompiler.PhysicalPath = "StringVsStringBuilder\"
		Release.AspNetCompiler.TargetPath = "PrecompiledWeb\localhost_51464\"
		Release.AspNetCompiler.Updateable = "true"
		Release.AspNetCompiler.ForceOverwrite = "true"
		Release.AspNetCompiler.FixedNames = "false"
		Release.AspNetCompiler.Debug = "False"
		VWDPort = "51464"
		SlnRelativePath = "StringVsStringBuilder\"
		DefaultWebSiteLanguage = "Visual C#"
	EndProjectSection
EndProject
Global
	GlobalSection(SolutionConfigurationPlatforms) = preSolution
		Debug|Any CPU = Debug|Any CPU
	EndGlobalSection
	GlobalSection(ProjectConfigurationPlatforms) = postSolution
		{833A3D85-7468-4A76-94A5-9912E9448265}.Debug|Any CPU.ActiveCfg = Debug|Any CPU
		{833A3D85-7468-4A76-94A5-9912E9448265}.Debug|Any CPU.Build.0 = Debug|Any CPU
	EndGlobalSection
	GlobalSection(SolutionProperties) = preSolution
		HideSolutionNode = FALSE
	EndGlobalSection
	GlobalSection(ExtensibilityGlobals) = postSolution
		SolutionGuid = {744C493B-9E12-4E88-A8D7-BBAB9BF3C1C3}
	EndGlobalSection
EndGlobal
